
Microsoft Visual Studio Solution File, Format Version 12.00
# Visual Studio Version 17
VisualStudioVersion = 17.4.33403.182
MinimumVisualStudioVersion = 10.0.40219.1
Project("{FAE04EC0-301F-11D3-BF4B-00C04F79EFBC}") = "Zyzgak McQueenoid", "Zyzgak McQueenoid\Zyzgak McQueenoid.csproj", "{BD0FFD1A-CEA8-42A4-8AA3-A59BEC17E363}"
EndProject
Global
	GlobalSection(SolutionConfigurationPlatforms) = preSolution
		Debug|Any CPU = Debug|Any CPU
		Release|Any CPU = Release|Any CPU
	EndGlobalSection
	GlobalSection(ProjectConfigurationPlatforms) = postSolution
		{BD0FFD1A-CEA8-42A4-8AA3-A59BEC17E363}.Debug|Any CPU.ActiveCfg = Debug|Any CPU
		{BD0FFD1A-CEA8-42A4-8AA3-A59BEC17E363}.Debug|Any CPU.Build.0 = Debug|Any CPU
		{BD0FFD1A-CEA8-42A4-8AA3-A59BEC17E363}.Release|Any CPU.ActiveCfg = Release|Any CPU
		{BD0FFD1A-CEA8-42A4-8AA3-A59BEC17E363}.Release|Any CPU.Build.0 = Release|Any CPU
	EndGlobalSection
	GlobalSection(SolutionProperties) = preSolution
		HideSolutionNode = FALSE
	EndGlobalSection
	GlobalSection(ExtensibilityGlobals) = postSolution
		SolutionGuid = {61201493-2F16-4CC9-A067-552BE173D111}
	EndGlobalSection
EndGlobal
